
Microsoft Visual Studio Solution File, Format Version 12.00
# Visual Studio 14
VisualStudioVersion = 14.0.23107.0
MinimumVisualStudioVersion = 10.0.40219.1
Project("{FAE04EC0-301F-11D3-BF4B-00C04F79EFBC}") = "Fastnet.Webframe.CoreData", "Fastnet.Webframe.CoreData\Fastnet.Webframe.CoreData.csproj", "{F780DA43-E8F6-4DAB-BC5F-E637414D1E17}"
EndProject
Project("{FAE04EC0-301F-11D3-BF4B-00C04F79EFBC}") = "Fastnet.Webframe.Web", "Fastnet.Webframe.Web\Fastnet.Webframe.Web.csproj", "{E6A0F426-635D-4CB5-92AD-592F82AFCF93}"
EndProject
Project("{2150E333-8FDC-42A3-9474-1A3956D46DE8}") = "Solution Items", "Solution Items", "{7C66198F-111E-48BE-9D3E-0D5B8D0EC720}"
	ProjectSection(SolutionItems) = preProject
		WE-Palette.css = WE-Palette.css
		WebEssentials-Settings.json = WebEssentials-Settings.json
		WebEssentials2015-Settings.json = WebEssentials2015-Settings.json
	EndProjectSection
EndProject
Project("{2150E333-8FDC-42A3-9474-1A3956D46DE8}") = ".nuget", ".nuget", "{7EAFC798-F54B-41C6-8081-DDE2EA4C21D3}"
	ProjectSection(SolutionItems) = preProject
		.nuget\NuGet.Config = .nuget\NuGet.Config
		.nuget\NuGet.exe = .nuget\NuGet.exe
		.nuget\NuGet.targets = .nuget\NuGet.targets
	EndProjectSection
EndProject
Project("{FAE04EC0-301F-11D3-BF4B-00C04F79EFBC}") = "Fastnet.Webframe.BookingData", "Fastnet.Webframe.BookingData\Fastnet.Webframe.BookingData.csproj", "{354F79DD-7AA1-43D5-A482-DA1B1F9C96CC}"
EndProject
Project("{FAE04EC0-301F-11D3-BF4B-00C04F79EFBC}") = "Fastnet.Webframe.IdentityData", "Fastnet.Webframe.IdentityData\Fastnet.Webframe.IdentityData.csproj", "{080F0A59-2AF8-49AD-98BF-E506BEC85406}"
EndProject
Global
	GlobalSection(SolutionConfigurationPlatforms) = preSolution
		Debug|Any CPU = Debug|Any CPU
		Release|Any CPU = Release|Any CPU
	EndGlobalSection
	GlobalSection(ProjectConfigurationPlatforms) = postSolution
		{F780DA43-E8F6-4DAB-BC5F-E637414D1E17}.Debug|Any CPU.ActiveCfg = Debug|Any CPU
		{F780DA43-E8F6-4DAB-BC5F-E637414D1E17}.Debug|Any CPU.Build.0 = Debug|Any CPU
		{F780DA43-E8F6-4DAB-BC5F-E637414D1E17}.Release|Any CPU.ActiveCfg = Release|Any CPU
		{F780DA43-E8F6-4DAB-BC5F-E637414D1E17}.Release|Any CPU.Build.0 = Release|Any CPU
		{E6A0F426-635D-4CB5-92AD-592F82AFCF93}.Debug|Any CPU.ActiveCfg = Debug|Any CPU
		{E6A0F426-635D-4CB5-92AD-592F82AFCF93}.Debug|Any CPU.Build.0 = Debug|Any CPU
		{E6A0F426-635D-4CB5-92AD-592F82AFCF93}.Release|Any CPU.ActiveCfg = Release|Any CPU
		{E6A0F426-635D-4CB5-92AD-592F82AFCF93}.Release|Any CPU.Build.0 = Release|Any CPU
		{354F79DD-7AA1-43D5-A482-DA1B1F9C96CC}.Debug|Any CPU.ActiveCfg = Debug|Any CPU
		{354F79DD-7AA1-43D5-A482-DA1B1F9C96CC}.Debug|Any CPU.Build.0 = Debug|Any CPU
		{354F79DD-7AA1-43D5-A482-DA1B1F9C96CC}.Release|Any CPU.ActiveCfg = Release|Any CPU
		{354F79DD-7AA1-43D5-A482-DA1B1F9C96CC}.Release|Any CPU.Build.0 = Release|Any CPU
		{080F0A59-2AF8-49AD-98BF-E506BEC85406}.Debug|Any CPU.ActiveCfg = Debug|Any CPU
		{080F0A59-2AF8-49AD-98BF-E506BEC85406}.Debug|Any CPU.Build.0 = Debug|Any CPU
		{080F0A59-2AF8-49AD-98BF-E506BEC85406}.Release|Any CPU.ActiveCfg = Release|Any CPU
		{080F0A59-2AF8-49AD-98BF-E506BEC85406}.Release|Any CPU.Build.0 = Release|Any CPU
	EndGlobalSection
	GlobalSection(SolutionProperties) = preSolution
		HideSolutionNode = FALSE
	EndGlobalSection
EndGlobal
